
Microsoft Visual Studio Solution File, Format Version 12.00
# Visual Studio Version 17
VisualStudioVersion = 17.5.33530.505
MinimumVisualStudioVersion = 10.0.40219.1
Project("{9A19103F-16F7-4668-BE54-9A1E7A4F7556}") = "BugSample1_Fixed", "BugSample1\BugSample1_Fixed.csproj", "{EB5E4C45-2AE9-4B0F-8ACE-678800CE9795}"
EndProject
Project("{FAE04EC0-301F-11D3-BF4B-00C04F79EFBC}") = "BugSample2", "BugSample2\BugSample2.csproj", "{34CA3A65-DC7F-4AAF-A5C2-A4C1778157DD}"
EndProject
Global
	GlobalSection(SolutionConfigurationPlatforms) = preSolution
		Debug|Any CPU = Debug|Any CPU
		Release|Any CPU = Release|Any CPU
	EndGlobalSection
	GlobalSection(ProjectConfigurationPlatforms) = postSolution
		{EB5E4C45-2AE9-4B0F-8ACE-678800CE9795}.Debug|Any CPU.ActiveCfg = Debug|Any CPU
		{EB5E4C45-2AE9-4B0F-8ACE-678800CE9795}.Debug|Any CPU.Build.0 = Debug|Any CPU
		{EB5E4C45-2AE9-4B0F-8ACE-678800CE9795}.Release|Any CPU.ActiveCfg = Release|Any CPU
		{EB5E4C45-2AE9-4B0F-8ACE-678800CE9795}.Release|Any CPU.Build.0 = Release|Any CPU
		{34CA3A65-DC7F-4AAF-A5C2-A4C1778157DD}.Debug|Any CPU.ActiveCfg = Debug|Any CPU
		{34CA3A65-DC7F-4AAF-A5C2-A4C1778157DD}.Debug|Any CPU.Build.0 = Debug|Any CPU
		{34CA3A65-DC7F-4AAF-A5C2-A4C1778157DD}.Release|Any CPU.ActiveCfg = Release|Any CPU
		{34CA3A65-DC7F-4AAF-A5C2-A4C1778157DD}.Release|Any CPU.Build.0 = Release|Any CPU
	EndGlobalSection
	GlobalSection(SolutionProperties) = preSolution
		HideSolutionNode = FALSE
	EndGlobalSection
	GlobalSection(ExtensibilityGlobals) = postSolution
		SolutionGuid = {62770861-3199-4501-A12F-8126C49010B6}
	EndGlobalSection
EndGlobal
